// !$*UTF8*$!
{
	archiveVersion = 1;
	classes = {
	};
	objectVersion = 46;
	objects = {

/* Begin PBXBuildFile section */
		CEDE88391BD9895E009DAFCD /* AppDelegate.swift in Sources */ = {isa = PBXBuildFile; fileRef = CEDE88381BD9895E009DAFCD /* AppDelegate.swift */; };
		CEDE883B1BD9895E009DAFCD /* ViewController.swift in Sources */ = {isa = PBXBuildFile; fileRef = CEDE883A1BD9895E009DAFCD /* ViewController.swift */; };
		CEDE883E1BD9895E009DAFCD /* Main.storyboard in Resources */ = {isa = PBXBuildFile; fileRef = CEDE883C1BD9895E009DAFCD /* Main.storyboard */; };
		CEDE88411BD9895E009DAFCD /* recipez.xcdatamodeld in Sources */ = {isa = PBXBuildFile; fileRef = CEDE883F1BD9895E009DAFCD /* recipez.xcdatamodeld */; };
		CEDE88431BD9895E009DAFCD /* Assets.xcassets in Resources */ = {isa = PBXBuildFile; fileRef = CEDE88421BD9895E009DAFCD /* Assets.xcassets */; };
		CEDE88461BD9895E009DAFCD /* LaunchScreen.storyboard in Resources */ = {isa = PBXBuildFile; fileRef = CEDE88441BD9895E009DAFCD /* LaunchScreen.storyboard */; };
/* End PBXBuildFile section */

/* Begin PBXFileReference section */
		CEDE88351BD9895E009DAFCD /* recipez.app */ = {isa = PBXFileReference; explicitFileType = wrapper.application; includeInIndex = 0; path = recipez.app; sourceTree = BUILT_PRODUCTS_DIR; };
		CEDE88381BD9895E009DAFCD /* AppDelegate.swift */ = {isa = PBXFileReference; lastKnownFileType = sourcecode.swift; path = AppDelegate.swift; sourceTree = "<group>"; };
		CEDE883A1BD9895E009DAFCD /* ViewController.swift */ = {isa = PBXFileReference; lastKnownFileType = sourcecode.swift; path = ViewController.swift; sourceTree = "<group>"; };
		CEDE883D1BD9895E009DAFCD /* Base */ = {isa = PBXFileReference; lastKnownFileType = file.storyboard; name = Base; path = Base.lproj/Main.storyboard; sourceTree = "<group>"; };
		CEDE88401BD9895E009DAFCD /* recipez.xcdatamodel */ = {isa = PBXFileReference; lastKnownFileType = wrapper.xcdatamodel; path = recipez.xcdatamodel; sourceTree = "<group>"; };
		CEDE88421BD9895E009DAFCD /* Assets.xcassets */ = {isa = PBXFileReference; lastKnownFileType = folder.assetcatalog; path = Assets.xcassets; sourceTree = "<group>"; };
		CEDE88451BD9895E009DAFCD /* Base */ = {isa = PBXFileReference; lastKnownFileType = file.storyboard; name = Base; path = Base.lproj/LaunchScreen.storyboard; sourceTree = "<group>"; };
		CEDE88471BD9895E009DAFCD /* Info.plist */ = {isa = PBXFileReference; lastKnownFileType = text.plist.xml; path = Info.plist; sourceTree = "<group>"; };
/* End PBXFileReference section */

/* Begin PBXFrameworksBuildPhase section */
		CEDE88321BD9895E009DAFCD /* Frameworks */ = {
			isa = PBXFrameworksBuildPhase;
			buildActionMask = 2147483647;
			files = (
			);
			runOnlyForDeploymentPostprocessing = 0;
		};
/* End PBXFrameworksBuildPhase section */

/* Begin PBXGroup section */
		CEDE882C1BD9895E009DAFCD = {
			isa = PBXGroup;
			children = (
				CEDE88371BD9895E009DAFCD /* recipez */,
				CEDE88361BD9895E009DAFCD /* Products */,
			);
			sourceTree = "<group>";
		};
		CEDE88361BD9895E009DAFCD /* Products */ = {
			isa = PBXGroup;
			children = (
				CEDE88351BD9895E009DAFCD /* recipez.app */,
			);
			name = Products;
			sourceTree = "<group>";
		};
		CEDE88371BD9895E009DAFCD /* recipez */ = {
			isa = PBXGroup;
			children = (
				CEDE88381BD9895E009DAFCD /* AppDelegate.swift */,
				CEDE883A1BD9895E009DAFCD /* ViewController.swift */,
				CEDE883C1BD9895E009DAFCD /* Main.storyboard */,
				CEDE88421BD9895E009DAFCD /* Assets.xcassets */,
				CEDE88441BD9895E009DAFCD /* LaunchScreen.storyboard */,
				CEDE88471BD9895E009DAFCD /* Info.plist */,
				CEDE883F1BD9895E009DAFCD /* recipez.xcdatamodeld */,
			);
			path = recipez;
			sourceTree = "<group>";
		};
/* End PBXGroup section */

/* Begin PBXNativeTarget section */
		CEDE88341BD9895E009DAFCD /* recipez */ = {
			isa = PBXNativeTarget;
			buildConfigurationList = CEDE884A1BD9895E009DAFCD /* Build configuration list for PBXNativeTarget "recipez" */;
			buildPhases = (
				CEDE88311BD9895E009DAFCD /* Sources */,
				CEDE88321BD9895E009DAFCD /* Frameworks */,
				CEDE88331BD9895E009DAFCD /* Resources */,
			);
			buildRules = (
			);
			dependencies = (
			);
			name = recipez;
			productName = recipez;
			productReference = CEDE88351BD9895E009DAFCD /* recipez.app */;
			productType = "com.apple.product-type.application";
		};
/* End PBXNativeTarget section */

/* Begin PBXProject section */
		CEDE882D1BD9895E009DAFCD /* Project object */ = {
			isa = PBXProject;
			attributes = {
				LastUpgradeCheck = 0700;
				ORGANIZATIONNAME = Jon;
				TargetAttributes = {
					CEDE88341BD9895E009DAFCD = {
						CreatedOnToolsVersion = 7.0;
					};
				};
			};
			buildConfigurationList = CEDE88301BD9895E009DAFCD /* Build configuration list for PBXProject "recipez" */;
			compatibilityVersion = "Xcode 3.2";
			developmentRegion = English;
			hasScannedForEncodings = 0;
			knownRegions = (
				en,
				Base,
			);
			mainGroup = CEDE882C1BD9895E009DAFCD;
			productRefGroup = CEDE88361BD9895E009DAFCD /* Products */;
			projectDirPath = "";
			projectRoot = "";
			targets = (
				CEDE88341BD9895E009DAFCD /* recipez */,
			);
		};
/* End PBXProject section */

/* Begin PBXResourcesBuildPhase section */
		CEDE88331BD9895E009DAFCD /* Resources */ = {
			isa = PBXResourcesBuildPhase;
			buildActionMask = 2147483647;
			files = (
				CEDE88461BD9895E009DAFCD /* LaunchScreen.storyboard in Resources */,
				CEDE88431BD9895E009DAFCD /* Assets.xcassets in Resources */,
				CEDE883E1BD9895E009DAFCD /* Main.storyboard in Resources */,
			);
			runOnlyForDeploymentPostprocessing = 0;
		};
/* End PBXResourcesBuildPhase section */

/* Begin PBXSourcesBuildPhase section */
		CEDE88311BD9895E009DAFCD /* Sources */ = {
			isa = PBXSourcesBuildPhase;
			buildActionMask = 2147483647;
			files = (
				CEDE883B1BD9895E009DAFCD /* ViewController.swift in Sources */,
				CEDE88391BD9895E009DAFCD /* AppDelegate.swift in Sources */,
				CEDE88411BD9895E009DAFCD /* recipez.xcdatamodeld in Sources */,
			);
			runOnlyForDeploymentPostprocessing = 0;
		};
/* End PBXSourcesBuildPhase section */

/* Begin PBXVariantGroup section */
		CEDE883C1BD9895E009DAFCD /* Main.storyboard */ = {
			isa = PBXVariantGroup;
			children = (
				CEDE883D1BD9895E009DAFCD /* Base */,
			);
			name = Main.storyboard;
			sourceTree = "<group>";
		};
		CEDE88441BD9895E009DAFCD /* LaunchScreen.storyboard */ = {
			isa = PBXVariantGroup;
			children = (
				CEDE88451BD9895E009DAFCD /* Base */,
			);
			name = LaunchScreen.storyboard;
			sourceTree = "<group>";
		};
/* End PBXVariantGroup section */

/* Begin XCBuildConfiguration section */
		CEDE88481BD9895E009DAFCD /* Debug */ = {
			isa = XCBuildConfiguration;
			buildSettings = {
				ALWAYS_SEARCH_USER_PATHS = NO;
				CLANG_CXX_LANGUAGE_STANDARD = "gnu++0x";
				CLANG_CXX_LIBRARY = "libc++";
				CLANG_ENABLE_MODULES = YES;
				CLANG_ENABLE_OBJC_ARC = YES;
				CLANG_WARN_BOOL_CONVERSION = YES;
				CLANG_WARN_CONSTANT_CONVERSION = YES;
				CLANG_WARN_DIRECT_OBJC_ISA_USAGE = YES_ERROR;
				CLANG_WARN_EMPTY_BODY = YES;
				CLANG_WARN_ENUM_CONVERSION = YES;
				CLANG_WARN_INT_CONVERSION = YES;
				CLANG_WARN_OBJC_ROOT_CLASS = YES_ERROR;
				CLANG_WARN_UNREACHABLE_CODE = YES;
				CLANG_WARN__DUPLICATE_METHOD_MATCH = YES;
				"CODE_SIGN_IDENTITY[sdk=iphoneos*]" = "iPhone Developer";
				COPY_PHASE_STRIP = NO;
				DEBUG_INFORMATION_FORMAT = dwarf;
				ENABLE_STRICT_OBJC_MSGSEND = YES;
				ENABLE_TESTABILITY = YES;
				GCC_C_LANGUAGE_STANDARD = gnu99;
				GCC_DYNAMIC_NO_PIC = NO;
				GCC_NO_COMMON_BLOCKS = YES;
				GCC_OPTIMIZATION_LEVEL = 0;
				GCC_PREPROCESSOR_DEFINITIONS = (
					"DEBUG=1",
					"$(inherited)",
				);
				GCC_WARN_64_TO_32_BIT_CONVERSION = YES;
				GCC_WARN_ABOUT_RETURN_TYPE = YES_ERROR;
				GCC_WARN_UNDECLARED_SELECTOR = YES;
				GCC_WARN_UNINITIALIZED_AUTOS = YES_AGGRESSIVE;
				GCC_WARN_UNUSED_FUNCTION = YES;
				GCC_WARN_UNUSED_VARIABLE = YES;
				IPHONEOS_DEPLOYMENT_TARGET = 9.0;
				MTL_ENABLE_DEBUG_INFO = YES;
				ONLY_ACTIVE_ARCH = YES;
				SDKROOT = iphoneos;
				SWIFT_OPTIMIZATION_LEVEL = "-Onone";
				TARGETED_DEVICE_FAMILY = "1,2";
			};
			name = Debug;
		};
		CEDE88491BD9895E009DAFCD /* Release */ = {
			isa = XCBuildConfiguration;
			buildSettings = {
				ALWAYS_SEARCH_USER_PATHS = NO;
				CLANG_CXX_LANGUAGE_STANDARD = "gnu++0x";
				CLANG_CXX_LIBRARY = "libc++";
				CLANG_ENABLE_MODULES = YES;
				CLANG_ENABLE_OBJC_ARC = YES;
				CLANG_WARN_BOOL_CONVERSION = YES;
				CLANG_WARN_CONSTANT_CONVERSION = YES;
				CLANG_WARN_DIRECT_OBJC_ISA_USAGE = YES_ERROR;
				CLANG_WARN_EMPTY_BODY = YES;
				CLANG_WARN_ENUM_CONVERSION = YES;
				CLANG_WARN_INT_CONVERSION = YES;
				CLANG_WARN_OBJC_ROOT_CLASS = YES_ERROR;
				CLANG_WARN_UNREACHABLE_CODE = YES;
				CLANG_WARN__DUPLICATE_METHOD_MATCH = YES;
				"CODE_SIGN_IDENTITY[sdk=iphoneos*]" = "iPhone Developer";
				COPY_PHASE_STRIP = NO;
				DEBUG_INFORMATION_FORMAT = "dwarf-with-dsym";
				ENABLE_NS_ASSERTIONS = NO;
				ENABLE_STRICT_OBJC_MSGSEND = YES;
				GCC_C_LANGUAGE_STANDARD = gnu99;
				GCC_NO_COMMON_BLOCKS = YES;
				GCC_WARN_64_TO_32_BIT_CONVERSION = YES;
				GCC_WARN_ABOUT_RETURN_TYPE = YES_ERROR;
				GCC_WARN_UNDECLARED_SELECTOR = YES;
				GCC_WARN_UNINITIALIZED_AUTOS = YES_AGGRESSIVE;
				GCC_WARN_UNUSED_FUNCTION = YES;
				GCC_WARN_UNUSED_VARIABLE = YES;
				IPHONEOS_DEPLOYMENT_TARGET = 9.0;
				MTL_ENABLE_DEBUG_INFO = NO;
				SDKROOT = iphoneos;
				TARGETED_DEVICE_FAMILY = "1,2";
				VALIDATE_PRODUCT = YES;
			};
			name = Release;
		};
		CEDE884B1BD9895E009DAFCD /* Debug */ = {
			isa = XCBuildConfiguration;
			buildSettings = {
				ASSETCATALOG_COMPILER_APPICON_NAME = AppIcon;
				INFOPLIST_FILE = recipez/Info.plist;
				LD_RUNPATH_SEARCH_PATHS = "$(inherited) @executable_path/Frameworks";
				PRODUCT_BUNDLE_IDENTIFIER = com.codervox.recipez;
				PRODUCT_NAME = "$(TARGET_NAME)";
			};
			name = Debug;
		};
		CEDE884C1BD9895E009DAFCD /* Release */ = {
			isa = XCBuildConfiguration;
			buildSettings = {
				ASSETCATALOG_COMPILER_APPICON_NAME = AppIcon;
				INFOPLIST_FILE = recipez/Info.plist;
				LD_RUNPATH_SEARCH_PATHS = "$(inherited) @executable_path/Frameworks";
				PRODUCT_BUNDLE_IDENTIFIER = com.codervox.recipez;
				PRODUCT_NAME = "$(TARGET_NAME)";
			};
			name = Release;
		};
/* End XCBuildConfiguration section */

/* Begin XCConfigurationList section */
		CEDE88301BD9895E009DAFCD /* Build configuration list for PBXProject "recipez" */ = {
			isa = XCConfigurationList;
			buildConfigurations = (
				CEDE88481BD9895E009DAFCD /* Debug */,
				CEDE88491BD9895E009DAFCD /* Release */,
			);
			defaultConfigurationIsVisible = 0;
			defaultConfigurationName = Release;
		};
		CEDE884A1BD9895E009DAFCD /* Build configuration list for PBXNativeTarget "recipez" */ = {
			isa = XCConfigurationList;
			buildConfigurations = (
				CEDE884B1BD9895E009DAFCD /* Debug */,
				CEDE884C1BD9895E009DAFCD /* Release */,
			);
			defaultConfigurationIsVisible = 0;
		};
/* End XCConfigurationList section */

/* Begin XCVersionGroup section */
		CEDE883F1BD9895E009DAFCD /* recipez.xcdatamodeld */ = {
			isa = XCVersionGroup;
			children = (
				CEDE88401BD9895E009DAFCD /* recipez.xcdatamodel */,
			);
			currentVersion = CEDE88401BD9895E009DAFCD /* recipez.xcdatamodel */;
			path = recipez.xcdatamodeld;
			sourceTree = "<group>";
			versionGroupType = wrapper.xcdatamodel;
		};
/* End XCVersionGroup section */
	};
	rootObject = CEDE882D1BD9895E009DAFCD /* Project object */;
}
